
Microsoft Visual Studio Solution File, Format Version 12.00
# Visual Studio 2013
VisualStudioVersion = 12.0.31101.0
MinimumVisualStudioVersion = 10.0.40219.1
Project("{FAE04EC0-301F-11D3-BF4B-00C04F79EFBC}") = "WebSite", "WebSite\WebSite.csproj", "{5EC580E6-030B-4C8F-B058-826799A56065}"
EndProject
Project("{2150E333-8FDC-42A3-9474-1A3956D46DE8}") = "PublishScripts", "PublishScripts", "{D5211B96-EEE8-4B5F-83D5-32DDCBDFD3D1}"
	ProjectSection(SolutionItems) = preProject
		PublishScripts\AzureWebsitePublishModule.psm1 = PublishScripts\AzureWebsitePublishModule.psm1
		PublishScripts\Publish-WebApplicationWebsite.ps1 = PublishScripts\Publish-WebApplicationWebsite.ps1
	EndProjectSection
EndProject
Project("{2150E333-8FDC-42A3-9474-1A3956D46DE8}") = "Configurations", "Configurations", "{1537A657-B1B2-4872-8D98-ACBF9FB907B8}"
	ProjectSection(SolutionItems) = preProject
		PublishScripts\Configurations\WebSite-WAWS-dev.json = PublishScripts\Configurations\WebSite-WAWS-dev.json
	EndProjectSection
EndProject
Global
	GlobalSection(SolutionConfigurationPlatforms) = preSolution
		Debug|Any CPU = Debug|Any CPU
		Release|Any CPU = Release|Any CPU
	EndGlobalSection
	GlobalSection(ProjectConfigurationPlatforms) = postSolution
		{5EC580E6-030B-4C8F-B058-826799A56065}.Debug|Any CPU.ActiveCfg = Debug|Any CPU
		{5EC580E6-030B-4C8F-B058-826799A56065}.Debug|Any CPU.Build.0 = Debug|Any CPU
		{5EC580E6-030B-4C8F-B058-826799A56065}.Release|Any CPU.ActiveCfg = Release|Any CPU
		{5EC580E6-030B-4C8F-B058-826799A56065}.Release|Any CPU.Build.0 = Release|Any CPU
	EndGlobalSection
	GlobalSection(SolutionProperties) = preSolution
		HideSolutionNode = FALSE
	EndGlobalSection
	GlobalSection(NestedProjects) = preSolution
		{1537A657-B1B2-4872-8D98-ACBF9FB907B8} = {D5211B96-EEE8-4B5F-83D5-32DDCBDFD3D1}
	EndGlobalSection
EndGlobal
